
Microsoft Visual Studio Solution File, Format Version 12.00
# Visual Studio Version 16
VisualStudioVersion = 16.0.29025.244
MinimumVisualStudioVersion = 10.0.40219.1
Project("{2150E333-8FDC-42A3-9474-1A3956D46DE8}") = "Tests", "Tests", "{F9CE0EDE-B655-4A22-B5D4-45D8917C26E5}"
EndProject
Project("{2150E333-8FDC-42A3-9474-1A3956D46DE8}") = "Modules", "Modules", "{032FCEB0-7549-47EC-8D45-B49F153E456F}"
EndProject
Project("{2150E333-8FDC-42A3-9474-1A3956D46DE8}") = "Services", "Services", "{35608FD5-1F93-4AA5-A24A-0CE152F667CD}"
EndProject
Project("{9A19103F-16F7-4668-BE54-9A1E7A4F7556}") = "SavescumBuddy.Modules.Main", "SavescumBuddy.Modules.Main\SavescumBuddy.Modules.Main.csproj", "{CC8A9A81-3B87-4B1E-9ECD-68AE1197346D}"
EndProject
Project("{9A19103F-16F7-4668-BE54-9A1E7A4F7556}") = "SavescumBuddy.Services.Tests", "SavescumBuddy.Services.Tests\SavescumBuddy.Services.Tests.csproj", "{44594AD9-8F23-4405-9A80-AFBB6B18CEA5}"
EndProject
Project("{9A19103F-16F7-4668-BE54-9A1E7A4F7556}") = "SavescumBuddy", "SavescumBuddy\SavescumBuddy.csproj", "{9ED88335-7778-4473-A6BA-337C760232A7}"
EndProject
Project("{9A19103F-16F7-4668-BE54-9A1E7A4F7556}") = "SavescumBuddy.Core", "SavescumBuddy.Core\SavescumBuddy.Core.csproj", "{F673FCD7-4D82-4414-A17E-A788C68F8B60}"
EndProject
Project("{9A19103F-16F7-4668-BE54-9A1E7A4F7556}") = "SavescumBuddy.Services", "SavescumBuddy.Services\SavescumBuddy.Services.csproj", "{C5D3500D-B9AC-4AA9-9B53-2A44801F7AF5}"
EndProject
Project("{9A19103F-16F7-4668-BE54-9A1E7A4F7556}") = "SavescumBuddy.Services.Interfaces", "SavescumBuddy.Services.Interfaces\SavescumBuddy.Services.Interfaces.csproj", "{E3E85553-0085-4E85-9524-29826D17ED86}"
EndProject
Project("{9A19103F-16F7-4668-BE54-9A1E7A4F7556}") = "SavescumBuddy.Data", "SavescumBuddy.Data\SavescumBuddy.Data.csproj", "{73097BAE-DC16-4E3F-84F4-3058C1EA60A4}"
EndProject
Project("{9A19103F-16F7-4668-BE54-9A1E7A4F7556}") = "SavescumBuddy.Modules.Overlay", "SavescumBuddy.Modules.Overlay\SavescumBuddy.Modules.Overlay.csproj", "{6B124F92-40E2-4601-AC07-E971942B6B2B}"
EndProject
Project("{9A19103F-16F7-4668-BE54-9A1E7A4F7556}") = "SavescumBuddy.Wpf", "SavescumBuddy.Wpf\SavescumBuddy.Wpf.csproj", "{B492B19C-27BF-4367-A82E-BFE647902D5D}"
EndProject
Global
	GlobalSection(SolutionConfigurationPlatforms) = preSolution
		Debug|Any CPU = Debug|Any CPU
		Release|Any CPU = Release|Any CPU
	EndGlobalSection
	GlobalSection(ProjectConfigurationPlatforms) = postSolution
		{CC8A9A81-3B87-4B1E-9ECD-68AE1197346D}.Debug|Any CPU.ActiveCfg = Debug|Any CPU
		{CC8A9A81-3B87-4B1E-9ECD-68AE1197346D}.Debug|Any CPU.Build.0 = Debug|Any CPU
		{CC8A9A81-3B87-4B1E-9ECD-68AE1197346D}.Release|Any CPU.ActiveCfg = Release|Any CPU
		{CC8A9A81-3B87-4B1E-9ECD-68AE1197346D}.Release|Any CPU.Build.0 = Release|Any CPU
		{44594AD9-8F23-4405-9A80-AFBB6B18CEA5}.Debug|Any CPU.ActiveCfg = Debug|Any CPU
		{44594AD9-8F23-4405-9A80-AFBB6B18CEA5}.Debug|Any CPU.Build.0 = Debug|Any CPU
		{44594AD9-8F23-4405-9A80-AFBB6B18CEA5}.Release|Any CPU.ActiveCfg = Release|Any CPU
		{44594AD9-8F23-4405-9A80-AFBB6B18CEA5}.Release|Any CPU.Build.0 = Release|Any CPU
		{9ED88335-7778-4473-A6BA-337C760232A7}.Debug|Any CPU.ActiveCfg = Debug|Any CPU
		{9ED88335-7778-4473-A6BA-337C760232A7}.Debug|Any CPU.Build.0 = Debug|Any CPU
		{9ED88335-7778-4473-A6BA-337C760232A7}.Release|Any CPU.ActiveCfg = Release|Any CPU
		{9ED88335-7778-4473-A6BA-337C760232A7}.Release|Any CPU.Build.0 = Release|Any CPU
		{F673FCD7-4D82-4414-A17E-A788C68F8B60}.Debug|Any CPU.ActiveCfg = Debug|Any CPU
		{F673FCD7-4D82-4414-A17E-A788C68F8B60}.Debug|Any CPU.Build.0 = Debug|Any CPU
		{F673FCD7-4D82-4414-A17E-A788C68F8B60}.Release|Any CPU.ActiveCfg = Release|Any CPU
		{F673FCD7-4D82-4414-A17E-A788C68F8B60}.Release|Any CPU.Build.0 = Release|Any CPU
		{C5D3500D-B9AC-4AA9-9B53-2A44801F7AF5}.Debug|Any CPU.ActiveCfg = Debug|Any CPU
		{C5D3500D-B9AC-4AA9-9B53-2A44801F7AF5}.Debug|Any CPU.Build.0 = Debug|Any CPU
		{C5D3500D-B9AC-4AA9-9B53-2A44801F7AF5}.Release|Any CPU.ActiveCfg = Release|Any CPU
		{C5D3500D-B9AC-4AA9-9B53-2A44801F7AF5}.Release|Any CPU.Build.0 = Release|Any CPU
		{E3E85553-0085-4E85-9524-29826D17ED86}.Debug|Any CPU.ActiveCfg = Debug|Any CPU
		{E3E85553-0085-4E85-9524-29826D17ED86}.Debug|Any CPU.Build.0 = Debug|Any CPU
		{E3E85553-0085-4E85-9524-29826D17ED86}.Release|Any CPU.ActiveCfg = Release|Any CPU
		{E3E85553-0085-4E85-9524-29826D17ED86}.Release|Any CPU.Build.0 = Release|Any CPU
		{73097BAE-DC16-4E3F-84F4-3058C1EA60A4}.Debug|Any CPU.ActiveCfg = Debug|Any CPU
		{73097BAE-DC16-4E3F-84F4-3058C1EA60A4}.Debug|Any CPU.Build.0 = Debug|Any CPU
		{73097BAE-DC16-4E3F-84F4-3058C1EA60A4}.Release|Any CPU.ActiveCfg = Release|Any CPU
		{73097BAE-DC16-4E3F-84F4-3058C1EA60A4}.Release|Any CPU.Build.0 = Release|Any CPU
		{6B124F92-40E2-4601-AC07-E971942B6B2B}.Debug|Any CPU.ActiveCfg = Debug|Any CPU
		{6B124F92-40E2-4601-AC07-E971942B6B2B}.Debug|Any CPU.Build.0 = Debug|Any CPU
		{6B124F92-40E2-4601-AC07-E971942B6B2B}.Release|Any CPU.ActiveCfg = Release|Any CPU
		{6B124F92-40E2-4601-AC07-E971942B6B2B}.Release|Any CPU.Build.0 = Release|Any CPU
		{B492B19C-27BF-4367-A82E-BFE647902D5D}.Debug|Any CPU.ActiveCfg = Debug|Any CPU
		{B492B19C-27BF-4367-A82E-BFE647902D5D}.Debug|Any CPU.Build.0 = Debug|Any CPU
		{B492B19C-27BF-4367-A82E-BFE647902D5D}.Release|Any CPU.ActiveCfg = Release|Any CPU
		{B492B19C-27BF-4367-A82E-BFE647902D5D}.Release|Any CPU.Build.0 = Release|Any CPU
	EndGlobalSection
	GlobalSection(SolutionProperties) = preSolution
		HideSolutionNode = FALSE
	EndGlobalSection
	GlobalSection(NestedProjects) = preSolution
		{CC8A9A81-3B87-4B1E-9ECD-68AE1197346D} = {032FCEB0-7549-47EC-8D45-B49F153E456F}
		{44594AD9-8F23-4405-9A80-AFBB6B18CEA5} = {F9CE0EDE-B655-4A22-B5D4-45D8917C26E5}
		{C5D3500D-B9AC-4AA9-9B53-2A44801F7AF5} = {35608FD5-1F93-4AA5-A24A-0CE152F667CD}
		{E3E85553-0085-4E85-9524-29826D17ED86} = {35608FD5-1F93-4AA5-A24A-0CE152F667CD}
		{6B124F92-40E2-4601-AC07-E971942B6B2B} = {032FCEB0-7549-47EC-8D45-B49F153E456F}
	EndGlobalSection
	GlobalSection(ExtensibilityGlobals) = postSolution
		SolutionGuid = {8F834C65-4301-49AF-AB58-05041F549274}
	EndGlobalSection
EndGlobal
