
Microsoft Visual Studio Solution File, Format Version 12.00
# Visual Studio Version 16
VisualStudioVersion = 16.0.29025.244
MinimumVisualStudioVersion = 10.0.40219.1
Project("{FAE04EC0-301F-11D3-BF4B-00C04F79EFBC}") = "SavescumBuddy", "SavescumBuddy\SavescumBuddy.csproj", "{4918F6D3-C749-40E7-9C05-968D54A6B11E}"
EndProject
Global
	GlobalSection(SolutionConfigurationPlatforms) = preSolution
		Debug|Any CPU = Debug|Any CPU
		Release|Any CPU = Release|Any CPU
	EndGlobalSection
	GlobalSection(ProjectConfigurationPlatforms) = postSolution
		{4918F6D3-C749-40E7-9C05-968D54A6B11E}.Debug|Any CPU.ActiveCfg = Debug|Any CPU
		{4918F6D3-C749-40E7-9C05-968D54A6B11E}.Debug|Any CPU.Build.0 = Debug|Any CPU
		{4918F6D3-C749-40E7-9C05-968D54A6B11E}.Release|Any CPU.ActiveCfg = Release|Any CPU
		{4918F6D3-C749-40E7-9C05-968D54A6B11E}.Release|Any CPU.Build.0 = Release|Any CPU
	EndGlobalSection
	GlobalSection(SolutionProperties) = preSolution
		HideSolutionNode = FALSE
	EndGlobalSection
	GlobalSection(ExtensibilityGlobals) = postSolution
		SolutionGuid = {8F834C65-4301-49AF-AB58-05041F549274}
	EndGlobalSection
EndGlobal
